
Microsoft Visual Studio Solution File, Format Version 12.00
# Visual Studio Version 17
VisualStudioVersion = 17.13.35828.75 d17.13
MinimumVisualStudioVersion = 10.0.40219.1
Project("{FAE04EC0-301F-11D3-BF4B-00C04F79EFBC}") = "ExempleGestionConcurrence", "ExempleGestionConcurrence\ExempleGestionConcurrence.csproj", "{411D67C9-1E9B-41B5-90A0-4FB309973876}"
EndProject
Global
	GlobalSection(SolutionConfigurationPlatforms) = preSolution
		Debug|Any CPU = Debug|Any CPU
		Release|Any CPU = Release|Any CPU
	EndGlobalSection
	GlobalSection(ProjectConfigurationPlatforms) = postSolution
		{411D67C9-1E9B-41B5-90A0-4FB309973876}.Debug|Any CPU.ActiveCfg = Debug|Any CPU
		{411D67C9-1E9B-41B5-90A0-4FB309973876}.Debug|Any CPU.Build.0 = Debug|Any CPU
		{411D67C9-1E9B-41B5-90A0-4FB309973876}.Release|Any CPU.ActiveCfg = Release|Any CPU
		{411D67C9-1E9B-41B5-90A0-4FB309973876}.Release|Any CPU.Build.0 = Release|Any CPU
	EndGlobalSection
	GlobalSection(SolutionProperties) = preSolution
		HideSolutionNode = FALSE
	EndGlobalSection
	GlobalSection(ExtensibilityGlobals) = postSolution
		SolutionGuid = {53CA74F8-5D51-44D3-9FD8-A83F86E525E6}
	EndGlobalSection
EndGlobal
