
Microsoft Visual Studio Solution File, Format Version 12.00
# Visual Studio Version 17
VisualStudioVersion = 17.4.33110.190
MinimumVisualStudioVersion = 10.0.40219.1
Project("{FAE04EC0-301F-11D3-BF4B-00C04F79EFBC}") = "ExemplObservableCollection", "ExemplObservableCollection\ExemplObservableCollection.csproj", "{F514A9B2-10A6-4820-ABF1-7B748AAC0B25}"
EndProject
Global
	GlobalSection(SolutionConfigurationPlatforms) = preSolution
		Debug|Any CPU = Debug|Any CPU
		Release|Any CPU = Release|Any CPU
	EndGlobalSection
	GlobalSection(ProjectConfigurationPlatforms) = postSolution
		{F514A9B2-10A6-4820-ABF1-7B748AAC0B25}.Debug|Any CPU.ActiveCfg = Debug|Any CPU
		{F514A9B2-10A6-4820-ABF1-7B748AAC0B25}.Debug|Any CPU.Build.0 = Debug|Any CPU
		{F514A9B2-10A6-4820-ABF1-7B748AAC0B25}.Release|Any CPU.ActiveCfg = Release|Any CPU
		{F514A9B2-10A6-4820-ABF1-7B748AAC0B25}.Release|Any CPU.Build.0 = Release|Any CPU
	EndGlobalSection
	GlobalSection(SolutionProperties) = preSolution
		HideSolutionNode = FALSE
	EndGlobalSection
	GlobalSection(ExtensibilityGlobals) = postSolution
		SolutionGuid = {08D71AB9-D4CC-4F2D-B5B1-A4EA2D784AE2}
	EndGlobalSection
EndGlobal
