
Microsoft Visual Studio Solution File, Format Version 12.00
# Visual Studio Version 17
VisualStudioVersion = 17.12.35707.178 d17.12
MinimumVisualStudioVersion = 10.0.40219.1
Project("{FAE04EC0-301F-11D3-BF4B-00C04F79EFBC}") = "JeuxOlympiques2025", "JeuxOlympiques2025\JeuxOlympiques2025.csproj", "{A5E134F3-13EC-47D7-9B1E-B3964F46667A}"
EndProject
Global
	GlobalSection(SolutionConfigurationPlatforms) = preSolution
		Debug|Any CPU = Debug|Any CPU
		Release|Any CPU = Release|Any CPU
	EndGlobalSection
	GlobalSection(ProjectConfigurationPlatforms) = postSolution
		{A5E134F3-13EC-47D7-9B1E-B3964F46667A}.Debug|Any CPU.ActiveCfg = Debug|Any CPU
		{A5E134F3-13EC-47D7-9B1E-B3964F46667A}.Debug|Any CPU.Build.0 = Debug|Any CPU
		{A5E134F3-13EC-47D7-9B1E-B3964F46667A}.Release|Any CPU.ActiveCfg = Release|Any CPU
		{A5E134F3-13EC-47D7-9B1E-B3964F46667A}.Release|Any CPU.Build.0 = Release|Any CPU
	EndGlobalSection
	GlobalSection(SolutionProperties) = preSolution
		HideSolutionNode = FALSE
	EndGlobalSection
EndGlobal
