
Microsoft Visual Studio Solution File, Format Version 12.00
# Visual Studio Version 17
VisualStudioVersion = 17.12.35527.113
MinimumVisualStudioVersion = 10.0.40219.1
Project("{FAE04EC0-301F-11D3-BF4B-00C04F79EFBC}") = "EFCoreUnitTests", "EFCoreUnitTests\EFCoreUnitTests.csproj", "{6EF32878-986A-4ABA-BB67-81A437ECB6D1}"
EndProject
Project("{FAE04EC0-301F-11D3-BF4B-00C04F79EFBC}") = "JeuxOlympiquesService", "JeuxOlympiquesService\JeuxOlympiquesService.csproj", "{67498CF3-E8A2-4638-8FAB-B8BA7800EA65}"
	ProjectSection(ProjectDependencies) = postProject
		{6EF32878-986A-4ABA-BB67-81A437ECB6D1} = {6EF32878-986A-4ABA-BB67-81A437ECB6D1}
	EndProjectSection
EndProject
Project("{FAE04EC0-301F-11D3-BF4B-00C04F79EFBC}") = "JeuxOlympiquesService.Tests", "JeuxOlympiquesService.Tests\JeuxOlympiquesService.Tests.csproj", "{6518BA08-46B8-490F-AF2B-46982C3BBD96}"
	ProjectSection(ProjectDependencies) = postProject
		{67498CF3-E8A2-4638-8FAB-B8BA7800EA65} = {67498CF3-E8A2-4638-8FAB-B8BA7800EA65}
	EndProjectSection
EndProject
Global
	GlobalSection(SolutionConfigurationPlatforms) = preSolution
		Debug|Any CPU = Debug|Any CPU
		Release|Any CPU = Release|Any CPU
	EndGlobalSection
	GlobalSection(ProjectConfigurationPlatforms) = postSolution
		{6EF32878-986A-4ABA-BB67-81A437ECB6D1}.Debug|Any CPU.ActiveCfg = Debug|Any CPU
		{6EF32878-986A-4ABA-BB67-81A437ECB6D1}.Debug|Any CPU.Build.0 = Debug|Any CPU
		{6EF32878-986A-4ABA-BB67-81A437ECB6D1}.Release|Any CPU.ActiveCfg = Release|Any CPU
		{6EF32878-986A-4ABA-BB67-81A437ECB6D1}.Release|Any CPU.Build.0 = Release|Any CPU
		{67498CF3-E8A2-4638-8FAB-B8BA7800EA65}.Debug|Any CPU.ActiveCfg = Debug|Any CPU
		{67498CF3-E8A2-4638-8FAB-B8BA7800EA65}.Debug|Any CPU.Build.0 = Debug|Any CPU
		{67498CF3-E8A2-4638-8FAB-B8BA7800EA65}.Release|Any CPU.ActiveCfg = Release|Any CPU
		{67498CF3-E8A2-4638-8FAB-B8BA7800EA65}.Release|Any CPU.Build.0 = Release|Any CPU
		{6518BA08-46B8-490F-AF2B-46982C3BBD96}.Debug|Any CPU.ActiveCfg = Debug|Any CPU
		{6518BA08-46B8-490F-AF2B-46982C3BBD96}.Debug|Any CPU.Build.0 = Debug|Any CPU
		{6518BA08-46B8-490F-AF2B-46982C3BBD96}.Release|Any CPU.ActiveCfg = Release|Any CPU
		{6518BA08-46B8-490F-AF2B-46982C3BBD96}.Release|Any CPU.Build.0 = Release|Any CPU
	EndGlobalSection
	GlobalSection(SolutionProperties) = preSolution
		HideSolutionNode = FALSE
	EndGlobalSection
EndGlobal
